<Solution>
  <Folder Name="/src/">
    <Project Path="src/Nexus.App/Nexus.App.csproj" />
    <Project Path="src/Nexus.Core/Nexus.Core.csproj" />
    <Project Path="src/Nexus.Modbus/Nexus.Modbus.csproj" />
    <Project Path="src/Nexus.Siemens/Nexus.Siemens.csproj" />
    <Project Path="src/Nexus.Mitsubishi/Nexus.Mitsubishi.csproj" />
    <Project Path="src/Nexus.Omron/Nexus.Omron.csproj" />
    <Project Path="src/Nexus.AllenBradley/Nexus.AllenBradley.csproj" />
    <Project Path="src/Nexus.Panasonic/Nexus.Panasonic.csproj" />
    <Project Path="src/Nexus.Keyence/Nexus.Keyence.csproj" />
    <Project Path="src/Nexus.Beckhoff/Nexus.Beckhoff.csproj" />
    <Project Path="src/Nexus.LsElectric/Nexus.LsElectric.csproj" />
    <Project Path="src/Nexus.Delta/Nexus.Delta.csproj" />
    <Project Path="src/Nexus.Fuji/Nexus.Fuji.csproj" />
    <Project Path="src/Nexus.Schneider/Nexus.Schneider.csproj" />
    <Project Path="src/Nexus.Robot.Ur/Nexus.Robot.Ur.csproj" />
    <Project Path="src/Nexus.Dnp3/Nexus.Dnp3.csproj" />
    <Project Path="src/Nexus.Fatek/Nexus.Fatek.csproj" />
    <Project Path="src/Nexus.Fanuc/Nexus.Fanuc.csproj" />
    <Project Path="src/Nexus.GeSrtp/Nexus.GeSrtp.csproj" />
    <Project Path="src/Nexus.Xinje/Nexus.Xinje.csproj" />
    <Project Path="src/Nexus.Kuka/Nexus.Kuka.csproj" />
    <Project Path="src/Nexus.OpcUa/Nexus.OpcUa.csproj" />
    <Project Path="src/Nexus.Redis/Nexus.Redis.csproj" />
    <Project Path="src/Nexus.Mqtt/Nexus.Mqtt.csproj" />
    <Project Path="src/Nexus.Bacnet/Nexus.Bacnet.csproj" />
    <Project Path="src/Nexus.Iec104/Nexus.Iec104.csproj" />
    <Project Path="src/Nexus.Iec61850/Nexus.Iec61850.csproj" />
    <Project Path="src/Nexus.Inovance/Nexus.Inovance.csproj" />
    <Project Path="src/Nexus.Yaskawa/Nexus.Yaskawa.csproj" />
    <Project Path="src/Nexus.Yokogawa/Nexus.Yokogawa.csproj" />
    <Project Path="src/Nexus.Dlt/Nexus.Dlt.csproj" />
    <Project Path="src/Nexus.Bridge/Nexus.Bridge.csproj" />
    <Project Path="src/Nexus.Cjt/Nexus.Cjt.csproj" />
    <Project Path="src/Nexus.Secs/Nexus.Secs.csproj" />
    <Project Path="src/Nexus.Robot.Abb/Nexus.Robot.Abb.csproj" />
    <Project Path="src/Nexus.Robot.Fanuc/Nexus.Robot.Fanuc.csproj" />
    <Project Path="src/Nexus.Robot.Yaskawa/Nexus.Robot.Yaskawa.csproj" />
    <Project Path="src/Nexus.Ftp/Nexus.Ftp.csproj" />
    <Project Path="src/Nexus.Robot.Kuka/Nexus.Robot.Kuka.csproj" />
    <Project Path="src/Nexus.Robot.Staubli/Nexus.Robot.Staubli.csproj" />
    <Project Path="src/Nexus.Robot.Efort/Nexus.Robot.Efort.csproj" />
    <Project Path="src/Nexus.Robot.Estun/Nexus.Robot.Estun.csproj" />
    <Project Path="src/Nexus.Robot.Yamaha/Nexus.Robot.Yamaha.csproj" />
    <Project Path="src/Nexus.MegMeet/Nexus.MegMeet.csproj" />
    <Project Path="src/Nexus.Rkc/Nexus.Rkc.csproj" />
    <Project Path="src/Nexus.Toledo/Nexus.Toledo.csproj" />
    <Project Path="src/Nexus.Vigor/Nexus.Vigor.csproj" />
    <Project Path="src/Nexus.Yamatake/Nexus.Yamatake.csproj" />
    <Project Path="src/Nexus.VirtualPlc/Nexus.VirtualPlc.csproj" />
    <Project Path="src/Nexus.Freedom/Nexus.Freedom.csproj" />
    <Project Path="src/Nexus.ToyoPuc/Nexus.ToyoPuc.csproj" />
    <Project Path="src/Nexus.OpenProtocol/Nexus.OpenProtocol.csproj" />
    <Project Path="src/Nexus.Knx/Nexus.Knx.csproj" />
    <Project Path="src/Nexus.Geniitek/Nexus.Geniitek.csproj" />
    <Project Path="src/Nexus.Sam/Nexus.Sam.csproj" />
    <Project Path="src/Nexus.EcFan/Nexus.EcFan.csproj" />
    <Project Path="src/Nexus.YuDian/Nexus.YuDian.csproj" />
    <Project Path="src/Nexus.Delixi/Nexus.Delixi.csproj" />
    <Project Path="src/Nexus.Schneider.Modicon/Nexus.Schneider.Modicon.csproj" />
    <Project Path="src/Nexus.Mitsubishi.Fx5u/Nexus.Mitsubishi.Fx5u.csproj" />
    <Project Path="src/Nexus.Inovance.H5u/Nexus.Inovance.H5u.csproj" />
    <Project Path="src/Nexus.Siemens.S7Plus/Nexus.Siemens.S7Plus.csproj" />
    <Project Path="src/Nexus.Omron.NxNj/Nexus.Omron.NxNj.csproj" />
    <Project Path="src/Nexus.EtherNetIp/Nexus.EtherNetIp.csproj" />
    <Project Path="src/Nexus.CcLinkIe/Nexus.CcLinkIe.csproj" />
    <Project Path="src/Nexus.Bacnet.Mstp/Nexus.Bacnet.Mstp.csproj" />
    <Project Path="src/Nexus.Hart/Nexus.Hart.csproj" />
    <Project Path="src/Nexus.ProfinetIO/Nexus.ProfinetIO.csproj" />
    <Project Path="src/Nexus.Siemens.MPI/Nexus.Siemens.MPI.csproj" />
    <Project Path="src/Nexus.BacnetIp/Nexus.BacnetIp.csproj" />
    <Project Path="src/Nexus.Iec101/Nexus.Iec101.csproj" />
    <Project Path="tests/Nexus.Bridge.Tests/Nexus.Bridge.Tests.csproj" />
  </Folder>
  <Folder Name="/benchmarks/">
    <Project Path="tests/Nexus.Benchmarks/Nexus.Benchmarks.csproj" />
  </Folder>
  <Folder Name="/tests/">
    <Project Path="tests/Nexus.Core.Tests/Nexus.Core.Tests.csproj" />
    <Project Path="tests/Nexus.Modbus.Tests/Nexus.Modbus.Tests.csproj" />
    <Project Path="tests/Nexus.Modbus.IntegrationTest/Nexus.Modbus.IntegrationTest.csproj" />
    <Project Path="tests/Nexus.Mitsubishi.Tests/Nexus.Mitsubishi.Tests.csproj" />
    <Project Path="tests/Nexus.Siemens.Tests/Nexus.Siemens.Tests.csproj" />
    <Project Path="tests/Nexus.Redis.Tests/Nexus.Redis.Tests.csproj" />
    <Project Path="tests/Nexus.Omron.Tests/Nexus.Omron.Tests.csproj" />
    <Project Path="tests/Nexus.AllenBradley.Tests/Nexus.AllenBradley.Tests.csproj" />
    <Project Path="tests/Nexus.Panasonic.Tests/Nexus.Panasonic.Tests.csproj" />
    <Project Path="tests/Nexus.Keyence.Tests/Nexus.Keyence.Tests.csproj" />
    <Project Path="tests/Nexus.Beckhoff.Tests/Nexus.Beckhoff.Tests.csproj" />
    <Project Path="tests/Nexus.LsElectric.Tests/Nexus.LsElectric.Tests.csproj" />
    <Project Path="tests/Nexus.Delta.Tests/Nexus.Delta.Tests.csproj" />
    <Project Path="tests/Nexus.Fuji.Tests/Nexus.Fuji.Tests.csproj" />
    <Project Path="tests/Nexus.Schneider.Tests/Nexus.Schneider.Tests.csproj" />
    <Project Path="tests/Nexus.Robot.Ur.Tests/Nexus.Robot.Ur.Tests.csproj" />
    <Project Path="tests/Nexus.Dnp3.Tests/Nexus.Dnp3.Tests.csproj" />
    <Project Path="tests/Nexus.Mqtt.Tests/Nexus.Mqtt.Tests.csproj" />
    <Project Path="tests/Nexus.Bacnet.Tests/Nexus.Bacnet.Tests.csproj" />
    <Project Path="tests/Nexus.Iec104.Tests/Nexus.Iec104.Tests.csproj" />
    <Project Path="tests/Nexus.Iec61850.Tests/Nexus.Iec61850.Tests.csproj" />
    <Project Path="tests/Nexus.Inovance.Tests/Nexus.Inovance.Tests.csproj" />
    <Project Path="tests/Nexus.Yaskawa.Tests/Nexus.Yaskawa.Tests.csproj" />
    <Project Path="tests/Nexus.Yokogawa.Tests/Nexus.Yokogawa.Tests.csproj" />
    <Project Path="tests/Nexus.Fatek.Tests/Nexus.Fatek.Tests.csproj" />
    <Project Path="tests/Nexus.Xinje.Tests/Nexus.Xinje.Tests.csproj" />
    <Project Path="tests/Nexus.GeSrtp.Tests/Nexus.GeSrtp.Tests.csproj" />
    <Project Path="tests/Nexus.Fanuc.Tests/Nexus.Fanuc.Tests.csproj" />
    <Project Path="tests/Nexus.Kuka.Tests/Nexus.Kuka.Tests.csproj" />
    <Project Path="tests/Nexus.Dlt.Tests/Nexus.Dlt.Tests.csproj" />
    <Project Path="tests/Nexus.Cjt.Tests/Nexus.Cjt.Tests.csproj" />
    <Project Path="tests/Nexus.Secs.Tests/Nexus.Secs.Tests.csproj" />
    <Project Path="tests/Nexus.Robot.Abb.Tests/Nexus.Robot.Abb.Tests.csproj" />
    <Project Path="tests/Nexus.Robot.Fanuc.Tests/Nexus.Robot.Fanuc.Tests.csproj" />
    <Project Path="tests/Nexus.Robot.Yaskawa.Tests/Nexus.Robot.Yaskawa.Tests.csproj" />
    <Project Path="tests/Nexus.Ftp.Tests/Nexus.Ftp.Tests.csproj" />
    <Project Path="tests/Nexus.Robot.Kuka.Tests/Nexus.Robot.Kuka.Tests.csproj" />
    <Project Path="tests/Nexus.Robot.Staubli.Tests/Nexus.Robot.Staubli.Tests.csproj" />
    <Project Path="tests/Nexus.Robot.Efort.Tests/Nexus.Robot.Efort.Tests.csproj" />
    <Project Path="tests/Nexus.Robot.Estun.Tests/Nexus.Robot.Estun.Tests.csproj" />
    <Project Path="tests/Nexus.Robot.Yamaha.Tests/Nexus.Robot.Yamaha.Tests.csproj" />
    <Project Path="tests/Nexus.Rkc.Tests/Nexus.Rkc.Tests.csproj" />
    <Project Path="tests/Nexus.Toledo.Tests/Nexus.Toledo.Tests.csproj" />
    <Project Path="tests/Nexus.VirtualPlc.Tests/Nexus.VirtualPlc.Tests.csproj" />
    <Project Path="tests/Nexus.MegMeet.Tests/Nexus.MegMeet.Tests.csproj" />
    <Project Path="tests/Nexus.OpenProtocol.Tests/Nexus.OpenProtocol.Tests.csproj" />
    <Project Path="tests/Nexus.Sam.Tests/Nexus.Sam.Tests.csproj" />
    <Project Path="tests/Nexus.ToyoPuc.Tests/Nexus.ToyoPuc.Tests.csproj" />
    <Project Path="tests/Nexus.OpcUa.Tests/Nexus.OpcUa.Tests.csproj" />
    <Project Path="tests/Nexus.Vigor.Tests/Nexus.Vigor.Tests.csproj" />
    <Project Path="tests/Nexus.Yamatake.Tests/Nexus.Yamatake.Tests.csproj" />
    <Project Path="tests/Nexus.YuDian.Tests/Nexus.YuDian.Tests.csproj" />
    <Project Path="tests/Nexus.Delixi.Tests/Nexus.Delixi.Tests.csproj" />
    <Project Path="tests/Nexus.EcFan.Tests/Nexus.EcFan.Tests.csproj" />
    <Project Path="tests/Nexus.Freedom.Tests/Nexus.Freedom.Tests.csproj" />
    <Project Path="tests/Nexus.Geniitek.Tests/Nexus.Geniitek.Tests.csproj" />
    <Project Path="tests/Nexus.Knx.Tests/Nexus.Knx.Tests.csproj" />
    <Project Path="tests/Nexus.NewProtocols.Verify/Nexus.NewProtocols.Verify.csproj" />
  </Folder>
</Solution>
